// !$*UTF8*$!
{
	archiveVersion = 1;
	classes = {
	};
	objectVersion = 56;
	objects = {

/* Begin PBXBuildFile section */
		F131EFB529B8F32A0057C9DA /* AppDelegate.swift in Sources */ = {isa = PBXBuildFile; fileRef = F131EFB429B8F32A0057C9DA /* AppDelegate.swift */; };
		F131EFB729B8F32A0057C9DA /* SceneDelegate.swift in Sources */ = {isa = PBXBuildFile; fileRef = F131EFB629B8F32A0057C9DA /* SceneDelegate.swift */; };
		F131EFB929B8F32A0057C9DA /* HomeViewController.swift in Sources */ = {isa = PBXBuildFile; fileRef = F131EFB829B8F32A0057C9DA /* HomeViewController.swift */; };
		F131EFBE29B8F32B0057C9DA /* Assets.xcassets in Resources */ = {isa = PBXBuildFile; fileRef = F131EFBD29B8F32B0057C9DA /* Assets.xcassets */; };
		F131EFC129B8F32B0057C9DA /* LaunchScreen.storyboard in Resources */ = {isa = PBXBuildFile; fileRef = F131EFBF29B8F32B0057C9DA /* LaunchScreen.storyboard */; };
		F131EFC929B8F4140057C9DA /* BasicView.swift in Sources */ = {isa = PBXBuildFile; fileRef = F131EFC829B8F4140057C9DA /* BasicView.swift */; };
		F131EFCB29B8FDB50057C9DA /* Builder.swift in Sources */ = {isa = PBXBuildFile; fileRef = F131EFCA29B8FDB50057C9DA /* Builder.swift */; };
		F131EFCE29B8FDE40057C9DA /* NSLayoutConstraint+Extensions.swift in Sources */ = {isa = PBXBuildFile; fileRef = F131EFCD29B8FDE40057C9DA /* NSLayoutConstraint+Extensions.swift */; };
		F131EFD029B902EE0057C9DA /* UILabel.swift in Sources */ = {isa = PBXBuildFile; fileRef = F131EFCF29B902ED0057C9DA /* UILabel.swift */; };
		F131EFD229B903400057C9DA /* UIButton.swift in Sources */ = {isa = PBXBuildFile; fileRef = F131EFD129B903400057C9DA /* UIButton.swift */; };
		F131EFD529B907320057C9DA /* HomeCoordinator.swift in Sources */ = {isa = PBXBuildFile; fileRef = F131EFD429B907320057C9DA /* HomeCoordinator.swift */; };
		F131EFD729B9074E0057C9DA /* Coordinator.swift in Sources */ = {isa = PBXBuildFile; fileRef = F131EFD629B9074E0057C9DA /* Coordinator.swift */; };
		F131EFD929B908230057C9DA /* HomeViewModel.swift in Sources */ = {isa = PBXBuildFile; fileRef = F131EFD829B908230057C9DA /* HomeViewModel.swift */; };
		F131EFDC29B909840057C9DA /* GreenViewController.swift in Sources */ = {isa = PBXBuildFile; fileRef = F131EFDB29B909840057C9DA /* GreenViewController.swift */; };
		F131EFDE29B90A840057C9DA /* GreenCoordinator.swift in Sources */ = {isa = PBXBuildFile; fileRef = F131EFDD29B90A840057C9DA /* GreenCoordinator.swift */; };
		F131EFE029B90AA90057C9DA /* GreenViewModel.swift in Sources */ = {isa = PBXBuildFile; fileRef = F131EFDF29B90AA90057C9DA /* GreenViewModel.swift */; };
		F131EFE529B90BDE0057C9DA /* YellowCoordinator.swift in Sources */ = {isa = PBXBuildFile; fileRef = F131EFE229B90B650057C9DA /* YellowCoordinator.swift */; };
		F131EFE629B90BE20057C9DA /* YellowViewController.swift in Sources */ = {isa = PBXBuildFile; fileRef = F131EFE329B90B650057C9DA /* YellowViewController.swift */; };
		F131EFE729B90BE40057C9DA /* YellowViewModel.swift in Sources */ = {isa = PBXBuildFile; fileRef = F131EFE429B90B650057C9DA /* YellowViewModel.swift */; };
		F131EFE929B90C8F0057C9DA /* Dismissing.swift in Sources */ = {isa = PBXBuildFile; fileRef = F131EFE829B90C8F0057C9DA /* Dismissing.swift */; };
/* End PBXBuildFile section */

/* Begin PBXFileReference section */
		F131EFB129B8F32A0057C9DA /* CoordinatorDemo.app */ = {isa = PBXFileReference; explicitFileType = wrapper.application; includeInIndex = 0; path = CoordinatorDemo.app; sourceTree = BUILT_PRODUCTS_DIR; };
		F131EFB429B8F32A0057C9DA /* AppDelegate.swift */ = {isa = PBXFileReference; lastKnownFileType = sourcecode.swift; path = AppDelegate.swift; sourceTree = "<group>"; };
		F131EFB629B8F32A0057C9DA /* SceneDelegate.swift */ = {isa = PBXFileReference; lastKnownFileType = sourcecode.swift; path = SceneDelegate.swift; sourceTree = "<group>"; };
		F131EFB829B8F32A0057C9DA /* HomeViewController.swift */ = {isa = PBXFileReference; lastKnownFileType = sourcecode.swift; path = HomeViewController.swift; sourceTree = "<group>"; };
		F131EFBD29B8F32B0057C9DA /* Assets.xcassets */ = {isa = PBXFileReference; lastKnownFileType = folder.assetcatalog; path = Assets.xcassets; sourceTree = "<group>"; };
		F131EFC029B8F32B0057C9DA /* Base */ = {isa = PBXFileReference; lastKnownFileType = file.storyboard; name = Base; path = Base.lproj/LaunchScreen.storyboard; sourceTree = "<group>"; };
		F131EFC229B8F32B0057C9DA /* Info.plist */ = {isa = PBXFileReference; lastKnownFileType = text.plist.xml; path = Info.plist; sourceTree = "<group>"; };
		F131EFC829B8F4140057C9DA /* BasicView.swift */ = {isa = PBXFileReference; fileEncoding = 4; lastKnownFileType = sourcecode.swift; path = BasicView.swift; sourceTree = "<group>"; };
		F131EFCA29B8FDB50057C9DA /* Builder.swift */ = {isa = PBXFileReference; lastKnownFileType = sourcecode.swift; path = Builder.swift; sourceTree = "<group>"; };
		F131EFCD29B8FDE40057C9DA /* NSLayoutConstraint+Extensions.swift */ = {isa = PBXFileReference; lastKnownFileType = sourcecode.swift; path = "NSLayoutConstraint+Extensions.swift"; sourceTree = "<group>"; };
		F131EFCF29B902ED0057C9DA /* UILabel.swift */ = {isa = PBXFileReference; lastKnownFileType = sourcecode.swift; path = UILabel.swift; sourceTree = "<group>"; };
		F131EFD129B903400057C9DA /* UIButton.swift */ = {isa = PBXFileReference; lastKnownFileType = sourcecode.swift; path = UIButton.swift; sourceTree = "<group>"; };
		F131EFD429B907320057C9DA /* HomeCoordinator.swift */ = {isa = PBXFileReference; lastKnownFileType = sourcecode.swift; path = HomeCoordinator.swift; sourceTree = "<group>"; };
		F131EFD629B9074E0057C9DA /* Coordinator.swift */ = {isa = PBXFileReference; lastKnownFileType = sourcecode.swift; path = Coordinator.swift; sourceTree = "<group>"; };
		F131EFD829B908230057C9DA /* HomeViewModel.swift */ = {isa = PBXFileReference; lastKnownFileType = sourcecode.swift; path = HomeViewModel.swift; sourceTree = "<group>"; };
		F131EFDB29B909840057C9DA /* GreenViewController.swift */ = {isa = PBXFileReference; lastKnownFileType = sourcecode.swift; path = GreenViewController.swift; sourceTree = "<group>"; };
		F131EFDD29B90A840057C9DA /* GreenCoordinator.swift */ = {isa = PBXFileReference; lastKnownFileType = sourcecode.swift; path = GreenCoordinator.swift; sourceTree = "<group>"; };
		F131EFDF29B90AA90057C9DA /* GreenViewModel.swift */ = {isa = PBXFileReference; lastKnownFileType = sourcecode.swift; path = GreenViewModel.swift; sourceTree = "<group>"; };
		F131EFE229B90B650057C9DA /* YellowCoordinator.swift */ = {isa = PBXFileReference; lastKnownFileType = sourcecode.swift; path = YellowCoordinator.swift; sourceTree = "<group>"; };
		F131EFE329B90B650057C9DA /* YellowViewController.swift */ = {isa = PBXFileReference; lastKnownFileType = sourcecode.swift; path = YellowViewController.swift; sourceTree = "<group>"; };
		F131EFE429B90B650057C9DA /* YellowViewModel.swift */ = {isa = PBXFileReference; lastKnownFileType = sourcecode.swift; path = YellowViewModel.swift; sourceTree = "<group>"; };
		F131EFE829B90C8F0057C9DA /* Dismissing.swift */ = {isa = PBXFileReference; lastKnownFileType = sourcecode.swift; path = Dismissing.swift; sourceTree = "<group>"; };
/* End PBXFileReference section */

/* Begin PBXFrameworksBuildPhase section */
		F131EFAE29B8F32A0057C9DA /* Frameworks */ = {
			isa = PBXFrameworksBuildPhase;
			buildActionMask = 2147483647;
			files = (
			);
			runOnlyForDeploymentPostprocessing = 0;
		};
/* End PBXFrameworksBuildPhase section */

/* Begin PBXGroup section */
		F131EFA829B8F32A0057C9DA = {
			isa = PBXGroup;
			children = (
				F131EFB329B8F32A0057C9DA /* CoordinatorDemo */,
				F131EFB229B8F32A0057C9DA /* Products */,
			);
			sourceTree = "<group>";
		};
		F131EFB229B8F32A0057C9DA /* Products */ = {
			isa = PBXGroup;
			children = (
				F131EFB129B8F32A0057C9DA /* CoordinatorDemo.app */,
			);
			name = Products;
			sourceTree = "<group>";
		};
		F131EFB329B8F32A0057C9DA /* CoordinatorDemo */ = {
			isa = PBXGroup;
			children = (
				F131EFD629B9074E0057C9DA /* Coordinator.swift */,
				F131EFB429B8F32A0057C9DA /* AppDelegate.swift */,
				F131EFB629B8F32A0057C9DA /* SceneDelegate.swift */,
				F131EFD329B906E90057C9DA /* Home */,
				F131EFDA29B9096A0057C9DA /* Green */,
				F131EFE129B90B5C0057C9DA /* Yellow */,
				F131EFBD29B8F32B0057C9DA /* Assets.xcassets */,
				F131EFBF29B8F32B0057C9DA /* LaunchScreen.storyboard */,
				F131EFC229B8F32B0057C9DA /* Info.plist */,
				F131EFCC29B8FDC20057C9DA /* SharedUI */,
			);
			path = CoordinatorDemo;
			sourceTree = "<group>";
		};
		F131EFCC29B8FDC20057C9DA /* SharedUI */ = {
			isa = PBXGroup;
			children = (
				F131EFC829B8F4140057C9DA /* BasicView.swift */,
				F131EFCA29B8FDB50057C9DA /* Builder.swift */,
				F131EFCD29B8FDE40057C9DA /* NSLayoutConstraint+Extensions.swift */,
				F131EFCF29B902ED0057C9DA /* UILabel.swift */,
				F131EFD129B903400057C9DA /* UIButton.swift */,
				F131EFE829B90C8F0057C9DA /* Dismissing.swift */,
			);
			path = SharedUI;
			sourceTree = "<group>";
		};
		F131EFD329B906E90057C9DA /* Home */ = {
			isa = PBXGroup;
			children = (
				F131EFB829B8F32A0057C9DA /* HomeViewController.swift */,
				F131EFD429B907320057C9DA /* HomeCoordinator.swift */,
				F131EFD829B908230057C9DA /* HomeViewModel.swift */,
			);
			path = Home;
			sourceTree = "<group>";
		};
		F131EFDA29B9096A0057C9DA /* Green */ = {
			isa = PBXGroup;
			children = (
				F131EFDD29B90A840057C9DA /* GreenCoordinator.swift */,
				F131EFDB29B909840057C9DA /* GreenViewController.swift */,
				F131EFDF29B90AA90057C9DA /* GreenViewModel.swift */,
			);
			path = Green;
			sourceTree = "<group>";
		};
		F131EFE129B90B5C0057C9DA /* Yellow */ = {
			isa = PBXGroup;
			children = (
				F131EFE229B90B650057C9DA /* YellowCoordinator.swift */,
				F131EFE329B90B650057C9DA /* YellowViewController.swift */,
				F131EFE429B90B650057C9DA /* YellowViewModel.swift */,
			);
			path = Yellow;
			sourceTree = "<group>";
		};
/* End PBXGroup section */

/* Begin PBXNativeTarget section */
		F131EFB029B8F32A0057C9DA /* CoordinatorDemo */ = {
			isa = PBXNativeTarget;
			buildConfigurationList = F131EFC529B8F32B0057C9DA /* Build configuration list for PBXNativeTarget "CoordinatorDemo" */;
			buildPhases = (
				F131EFAD29B8F32A0057C9DA /* Sources */,
				F131EFAE29B8F32A0057C9DA /* Frameworks */,
				F131EFAF29B8F32A0057C9DA /* Resources */,
			);
			buildRules = (
			);
			dependencies = (
			);
			name = CoordinatorDemo;
			productName = CoordinatorDemo;
			productReference = F131EFB129B8F32A0057C9DA /* CoordinatorDemo.app */;
			productType = "com.apple.product-type.application";
		};
/* End PBXNativeTarget section */

/* Begin PBXProject section */
		F131EFA929B8F32A0057C9DA /* Project object */ = {
			isa = PBXProject;
			attributes = {
				BuildIndependentTargetsInParallel = 1;
				LastSwiftUpdateCheck = 1410;
				LastUpgradeCheck = 1410;
				TargetAttributes = {
					F131EFB029B8F32A0057C9DA = {
						CreatedOnToolsVersion = 14.1;
					};
				};
			};
			buildConfigurationList = F131EFAC29B8F32A0057C9DA /* Build configuration list for PBXProject "CoordinatorDemo" */;
			compatibilityVersion = "Xcode 14.0";
			developmentRegion = en;
			hasScannedForEncodings = 0;
			knownRegions = (
				en,
				Base,
			);
			mainGroup = F131EFA829B8F32A0057C9DA;
			productRefGroup = F131EFB229B8F32A0057C9DA /* Products */;
			projectDirPath = "";
			projectRoot = "";
			targets = (
				F131EFB029B8F32A0057C9DA /* CoordinatorDemo */,
			);
		};
/* End PBXProject section */

/* Begin PBXResourcesBuildPhase section */
		F131EFAF29B8F32A0057C9DA /* Resources */ = {
			isa = PBXResourcesBuildPhase;
			buildActionMask = 2147483647;
			files = (
				F131EFC129B8F32B0057C9DA /* LaunchScreen.storyboard in Resources */,
				F131EFBE29B8F32B0057C9DA /* Assets.xcassets in Resources */,
			);
			runOnlyForDeploymentPostprocessing = 0;
		};
/* End PBXResourcesBuildPhase section */

/* Begin PBXSourcesBuildPhase section */
		F131EFAD29B8F32A0057C9DA /* Sources */ = {
			isa = PBXSourcesBuildPhase;
			buildActionMask = 2147483647;
			files = (
				F131EFB929B8F32A0057C9DA /* HomeViewController.swift in Sources */,
				F131EFE629B90BE20057C9DA /* YellowViewController.swift in Sources */,
				F131EFD929B908230057C9DA /* HomeViewModel.swift in Sources */,
				F131EFCE29B8FDE40057C9DA /* NSLayoutConstraint+Extensions.swift in Sources */,
				F131EFE729B90BE40057C9DA /* YellowViewModel.swift in Sources */,
				F131EFD729B9074E0057C9DA /* Coordinator.swift in Sources */,
				F131EFD529B907320057C9DA /* HomeCoordinator.swift in Sources */,
				F131EFD029B902EE0057C9DA /* UILabel.swift in Sources */,
				F131EFD229B903400057C9DA /* UIButton.swift in Sources */,
				F131EFB529B8F32A0057C9DA /* AppDelegate.swift in Sources */,
				F131EFDE29B90A840057C9DA /* GreenCoordinator.swift in Sources */,
				F131EFE929B90C8F0057C9DA /* Dismissing.swift in Sources */,
				F131EFB729B8F32A0057C9DA /* SceneDelegate.swift in Sources */,
				F131EFDC29B909840057C9DA /* GreenViewController.swift in Sources */,
				F131EFE029B90AA90057C9DA /* GreenViewModel.swift in Sources */,
				F131EFC929B8F4140057C9DA /* BasicView.swift in Sources */,
				F131EFE529B90BDE0057C9DA /* YellowCoordinator.swift in Sources */,
				F131EFCB29B8FDB50057C9DA /* Builder.swift in Sources */,
			);
			runOnlyForDeploymentPostprocessing = 0;
		};
/* End PBXSourcesBuildPhase section */

/* Begin PBXVariantGroup section */
		F131EFBF29B8F32B0057C9DA /* LaunchScreen.storyboard */ = {
			isa = PBXVariantGroup;
			children = (
				F131EFC029B8F32B0057C9DA /* Base */,
			);
			name = LaunchScreen.storyboard;
			sourceTree = "<group>";
		};
/* End PBXVariantGroup section */

/* Begin XCBuildConfiguration section */
		F131EFC329B8F32B0057C9DA /* Debug */ = {
			isa = XCBuildConfiguration;
			buildSettings = {
				ALWAYS_SEARCH_USER_PATHS = NO;
				CLANG_ANALYZER_NONNULL = YES;
				CLANG_ANALYZER_NUMBER_OBJECT_CONVERSION = YES_AGGRESSIVE;
				CLANG_CXX_LANGUAGE_STANDARD = "gnu++20";
				CLANG_ENABLE_MODULES = YES;
				CLANG_ENABLE_OBJC_ARC = YES;
				CLANG_ENABLE_OBJC_WEAK = YES;
				CLANG_WARN_BLOCK_CAPTURE_AUTORELEASING = YES;
				CLANG_WARN_BOOL_CONVERSION = YES;
				CLANG_WARN_COMMA = YES;
				CLANG_WARN_CONSTANT_CONVERSION = YES;
				CLANG_WARN_DEPRECATED_OBJC_IMPLEMENTATIONS = YES;
				CLANG_WARN_DIRECT_OBJC_ISA_USAGE = YES_ERROR;
				CLANG_WARN_DOCUMENTATION_COMMENTS = YES;
				CLANG_WARN_EMPTY_BODY = YES;
				CLANG_WARN_ENUM_CONVERSION = YES;
				CLANG_WARN_INFINITE_RECURSION = YES;
				CLANG_WARN_INT_CONVERSION = YES;
				CLANG_WARN_NON_LITERAL_NULL_CONVERSION = YES;
				CLANG_WARN_OBJC_IMPLICIT_RETAIN_SELF = YES;
				CLANG_WARN_OBJC_LITERAL_CONVERSION = YES;
				CLANG_WARN_OBJC_ROOT_CLASS = YES_ERROR;
				CLANG_WARN_QUOTED_INCLUDE_IN_FRAMEWORK_HEADER = YES;
				CLANG_WARN_RANGE_LOOP_ANALYSIS = YES;
				CLANG_WARN_STRICT_PROTOTYPES = YES;
				CLANG_WARN_SUSPICIOUS_MOVE = YES;
				CLANG_WARN_UNGUARDED_AVAILABILITY = YES_AGGRESSIVE;
				CLANG_WARN_UNREACHABLE_CODE = YES;
				CLANG_WARN__DUPLICATE_METHOD_MATCH = YES;
				COPY_PHASE_STRIP = NO;
				DEBUG_INFORMATION_FORMAT = dwarf;
				ENABLE_STRICT_OBJC_MSGSEND = YES;
				ENABLE_TESTABILITY = YES;
				GCC_C_LANGUAGE_STANDARD = gnu11;
				GCC_DYNAMIC_NO_PIC = NO;
				GCC_NO_COMMON_BLOCKS = YES;
				GCC_OPTIMIZATION_LEVEL = 0;
				GCC_PREPROCESSOR_DEFINITIONS = (
					"DEBUG=1",
					"$(inherited)",
				);
				GCC_WARN_64_TO_32_BIT_CONVERSION = YES;
				GCC_WARN_ABOUT_RETURN_TYPE = YES_ERROR;
				GCC_WARN_UNDECLARED_SELECTOR = YES;
				GCC_WARN_UNINITIALIZED_AUTOS = YES_AGGRESSIVE;
				GCC_WARN_UNUSED_FUNCTION = YES;
				GCC_WARN_UNUSED_VARIABLE = YES;
				IPHONEOS_DEPLOYMENT_TARGET = 16.1;
				MTL_ENABLE_DEBUG_INFO = INCLUDE_SOURCE;
				MTL_FAST_MATH = YES;
				ONLY_ACTIVE_ARCH = YES;
				SDKROOT = iphoneos;
				SWIFT_ACTIVE_COMPILATION_CONDITIONS = DEBUG;
				SWIFT_OPTIMIZATION_LEVEL = "-Onone";
			};
			name = Debug;
		};
		F131EFC429B8F32B0057C9DA /* Release */ = {
			isa = XCBuildConfiguration;
			buildSettings = {
				ALWAYS_SEARCH_USER_PATHS = NO;
				CLANG_ANALYZER_NONNULL = YES;
				CLANG_ANALYZER_NUMBER_OBJECT_CONVERSION = YES_AGGRESSIVE;
				CLANG_CXX_LANGUAGE_STANDARD = "gnu++20";
				CLANG_ENABLE_MODULES = YES;
				CLANG_ENABLE_OBJC_ARC = YES;
				CLANG_ENABLE_OBJC_WEAK = YES;
				CLANG_WARN_BLOCK_CAPTURE_AUTORELEASING = YES;
				CLANG_WARN_BOOL_CONVERSION = YES;
				CLANG_WARN_COMMA = YES;
				CLANG_WARN_CONSTANT_CONVERSION = YES;
				CLANG_WARN_DEPRECATED_OBJC_IMPLEMENTATIONS = YES;
				CLANG_WARN_DIRECT_OBJC_ISA_USAGE = YES_ERROR;
				CLANG_WARN_DOCUMENTATION_COMMENTS = YES;
				CLANG_WARN_EMPTY_BODY = YES;
				CLANG_WARN_ENUM_CONVERSION = YES;
				CLANG_WARN_INFINITE_RECURSION = YES;
				CLANG_WARN_INT_CONVERSION = YES;
				CLANG_WARN_NON_LITERAL_NULL_CONVERSION = YES;
				CLANG_WARN_OBJC_IMPLICIT_RETAIN_SELF = YES;
				CLANG_WARN_OBJC_LITERAL_CONVERSION = YES;
				CLANG_WARN_OBJC_ROOT_CLASS = YES_ERROR;
				CLANG_WARN_QUOTED_INCLUDE_IN_FRAMEWORK_HEADER = YES;
				CLANG_WARN_RANGE_LOOP_ANALYSIS = YES;
				CLANG_WARN_STRICT_PROTOTYPES = YES;
				CLANG_WARN_SUSPICIOUS_MOVE = YES;
				CLANG_WARN_UNGUARDED_AVAILABILITY = YES_AGGRESSIVE;
				CLANG_WARN_UNREACHABLE_CODE = YES;
				CLANG_WARN__DUPLICATE_METHOD_MATCH = YES;
				COPY_PHASE_STRIP = NO;
				DEBUG_INFORMATION_FORMAT = "dwarf-with-dsym";
				ENABLE_NS_ASSERTIONS = NO;
				ENABLE_STRICT_OBJC_MSGSEND = YES;
				GCC_C_LANGUAGE_STANDARD = gnu11;
				GCC_NO_COMMON_BLOCKS = YES;
				GCC_WARN_64_TO_32_BIT_CONVERSION = YES;
				GCC_WARN_ABOUT_RETURN_TYPE = YES_ERROR;
				GCC_WARN_UNDECLARED_SELECTOR = YES;
				GCC_WARN_UNINITIALIZED_AUTOS = YES_AGGRESSIVE;
				GCC_WARN_UNUSED_FUNCTION = YES;
				GCC_WARN_UNUSED_VARIABLE = YES;
				IPHONEOS_DEPLOYMENT_TARGET = 16.1;
				MTL_ENABLE_DEBUG_INFO = NO;
				MTL_FAST_MATH = YES;
				SDKROOT = iphoneos;
				SWIFT_COMPILATION_MODE = wholemodule;
				SWIFT_OPTIMIZATION_LEVEL = "-O";
				VALIDATE_PRODUCT = YES;
			};
			name = Release;
		};
		F131EFC629B8F32B0057C9DA /* Debug */ = {
			isa = XCBuildConfiguration;
			buildSettings = {
				ASSETCATALOG_COMPILER_APPICON_NAME = AppIcon;
				ASSETCATALOG_COMPILER_GLOBAL_ACCENT_COLOR_NAME = AccentColor;
				CODE_SIGN_STYLE = Automatic;
				CURRENT_PROJECT_VERSION = 1;
				DEVELOPMENT_TEAM = A4W63KJQ97;
				GENERATE_INFOPLIST_FILE = YES;
				INFOPLIST_FILE = CoordinatorDemo/Info.plist;
				INFOPLIST_KEY_UIApplicationSupportsIndirectInputEvents = YES;
				INFOPLIST_KEY_UILaunchStoryboardName = LaunchScreen;
				INFOPLIST_KEY_UISupportedInterfaceOrientations_iPad = "UIInterfaceOrientationPortrait UIInterfaceOrientationPortraitUpsideDown UIInterfaceOrientationLandscapeLeft UIInterfaceOrientationLandscapeRight";
				INFOPLIST_KEY_UISupportedInterfaceOrientations_iPhone = "UIInterfaceOrientationPortrait UIInterfaceOrientationLandscapeLeft UIInterfaceOrientationLandscapeRight";
				LD_RUNPATH_SEARCH_PATHS = (
					"$(inherited)",
					"@executable_path/Frameworks",
				);
				MARKETING_VERSION = 1.0;
				PRODUCT_BUNDLE_IDENTIFIER = oconnell.toby.CoordinatorDemo;
				PRODUCT_NAME = "$(TARGET_NAME)";
				SWIFT_EMIT_LOC_STRINGS = YES;
				SWIFT_VERSION = 5.0;
				TARGETED_DEVICE_FAMILY = "1,2";
			};
			name = Debug;
		};
		F131EFC729B8F32B0057C9DA /* Release */ = {
			isa = XCBuildConfiguration;
			buildSettings = {
				ASSETCATALOG_COMPILER_APPICON_NAME = AppIcon;
				ASSETCATALOG_COMPILER_GLOBAL_ACCENT_COLOR_NAME = AccentColor;
				CODE_SIGN_STYLE = Automatic;
				CURRENT_PROJECT_VERSION = 1;
				DEVELOPMENT_TEAM = A4W63KJQ97;
				GENERATE_INFOPLIST_FILE = YES;
				INFOPLIST_FILE = CoordinatorDemo/Info.plist;
				INFOPLIST_KEY_UIApplicationSupportsIndirectInputEvents = YES;
				INFOPLIST_KEY_UILaunchStoryboardName = LaunchScreen;
				INFOPLIST_KEY_UISupportedInterfaceOrientations_iPad = "UIInterfaceOrientationPortrait UIInterfaceOrientationPortraitUpsideDown UIInterfaceOrientationLandscapeLeft UIInterfaceOrientationLandscapeRight";
				INFOPLIST_KEY_UISupportedInterfaceOrientations_iPhone = "UIInterfaceOrientationPortrait UIInterfaceOrientationLandscapeLeft UIInterfaceOrientationLandscapeRight";
				LD_RUNPATH_SEARCH_PATHS = (
					"$(inherited)",
					"@executable_path/Frameworks",
				);
				MARKETING_VERSION = 1.0;
				PRODUCT_BUNDLE_IDENTIFIER = oconnell.toby.CoordinatorDemo;
				PRODUCT_NAME = "$(TARGET_NAME)";
				SWIFT_EMIT_LOC_STRINGS = YES;
				SWIFT_VERSION = 5.0;
				TARGETED_DEVICE_FAMILY = "1,2";
			};
			name = Release;
		};
/* End XCBuildConfiguration section */

/* Begin XCConfigurationList section */
		F131EFAC29B8F32A0057C9DA /* Build configuration list for PBXProject "CoordinatorDemo" */ = {
			isa = XCConfigurationList;
			buildConfigurations = (
				F131EFC329B8F32B0057C9DA /* Debug */,
				F131EFC429B8F32B0057C9DA /* Release */,
			);
			defaultConfigurationIsVisible = 0;
			defaultConfigurationName = Release;
		};
		F131EFC529B8F32B0057C9DA /* Build configuration list for PBXNativeTarget "CoordinatorDemo" */ = {
			isa = XCConfigurationList;
			buildConfigurations = (
				F131EFC629B8F32B0057C9DA /* Debug */,
				F131EFC729B8F32B0057C9DA /* Release */,
			);
			defaultConfigurationIsVisible = 0;
			defaultConfigurationName = Release;
		};
/* End XCConfigurationList section */
	};
	rootObject = F131EFA929B8F32A0057C9DA /* Project object */;
}
